// !$*UTF8*$!
{
	archiveVersion = 1;
	classes = {
	};
	objectVersion = 46;
	objects = {

/* Begin PBXBuildFile section */
		5A7BC7AB13CADFB100DBBA5A /* pin.png in Resources */ = {isa = PBXBuildFile; fileRef = 5A7BC7A913CADFB100DBBA5A /* pin.png */; };
		5A7BC7AF13CB193300DBBA5A /* MyAnnotationView.m in Sources */ = {isa = PBXBuildFile; fileRef = 5A7BC7AE13CB193300DBBA5A /* MyAnnotationView.m */; };
		5ABE343C13C85C21009535AE /* UIKit.framework in Frameworks */ = {isa = PBXBuildFile; fileRef = 5ABE343B13C85C21009535AE /* UIKit.framework */; };
		5ABE343E13C85C21009535AE /* Foundation.framework in Frameworks */ = {isa = PBXBuildFile; fileRef = 5ABE343D13C85C21009535AE /* Foundation.framework */; };
		5ABE344013C85C21009535AE /* CoreGraphics.framework in Frameworks */ = {isa = PBXBuildFile; fileRef = 5ABE343F13C85C21009535AE /* CoreGraphics.framework */; };
		5ABE344613C85C21009535AE /* InfoPlist.strings in Resources */ = {isa = PBXBuildFile; fileRef = 5ABE344413C85C21009535AE /* InfoPlist.strings */; };
		5ABE344813C85C21009535AE /* main.m in Sources */ = {isa = PBXBuildFile; fileRef = 5ABE344713C85C21009535AE /* main.m */; };
		5ABE344C13C85C21009535AE /* AnjinAppDelegate.m in Sources */ = {isa = PBXBuildFile; fileRef = 5ABE344B13C85C21009535AE /* AnjinAppDelegate.m */; };
		5ABE344E13C85C21009535AE /* AnjinViewController.h in Resources */ = {isa = PBXBuildFile; fileRef = 5ABE344D13C85C21009535AE /* AnjinViewController.h */; };
		5ABE345013C85C21009535AE /* AnjinViewController.m in Sources */ = {isa = PBXBuildFile; fileRef = 5ABE344F13C85C21009535AE /* AnjinViewController.m */; };
		5ABE345313C85C21009535AE /* AnjinViewController.xib in Resources */ = {isa = PBXBuildFile; fileRef = 5ABE345113C85C21009535AE /* AnjinViewController.xib */; };
		5ABE345E13C85EBA009535AE /* MapKit.framework in Frameworks */ = {isa = PBXBuildFile; fileRef = 5ABE345D13C85EBA009535AE /* MapKit.framework */; };
		5ABE346013C861B0009535AE /* CoreLocation.framework in Frameworks */ = {isa = PBXBuildFile; fileRef = 5ABE345F13C861B0009535AE /* CoreLocation.framework */; };
		5ABE346313C8628E009535AE /* Annotation.m in Sources */ = {isa = PBXBuildFile; fileRef = 5ABE346213C8628E009535AE /* Annotation.m */; };
		5ABE346613C8687E009535AE /* NSString+ParsingExtensions.m in Sources */ = {isa = PBXBuildFile; fileRef = 5ABE346513C8687E009535AE /* NSString+ParsingExtensions.m */; };
		5ABE347313C86D6E009535AE /* kunden.csv in Resources */ = {isa = PBXBuildFile; fileRef = 5ABE347213C86D6E009535AE /* kunden.csv */; };
		5ABE347E13C86EFE009535AE /* SenTestingKit.framework in Frameworks */ = {isa = PBXBuildFile; fileRef = 5ABE347D13C86EFE009535AE /* SenTestingKit.framework */; };
		5ABE347F13C86EFE009535AE /* UIKit.framework in Frameworks */ = {isa = PBXBuildFile; fileRef = 5ABE343B13C85C21009535AE /* UIKit.framework */; };
		5ABE348013C86EFE009535AE /* Foundation.framework in Frameworks */ = {isa = PBXBuildFile; fileRef = 5ABE343D13C85C21009535AE /* Foundation.framework */; };
		5ABE348113C86EFE009535AE /* CoreGraphics.framework in Frameworks */ = {isa = PBXBuildFile; fileRef = 5ABE343F13C85C21009535AE /* CoreGraphics.framework */; };
		5ABE348713C86EFE009535AE /* InfoPlist.strings in Resources */ = {isa = PBXBuildFile; fileRef = 5ABE348513C86EFE009535AE /* InfoPlist.strings */; };
		5ABE348913C86EFE009535AE /* Test.h in Resources */ = {isa = PBXBuildFile; fileRef = 5ABE348813C86EFE009535AE /* Test.h */; };
		5ABE348B13C86EFE009535AE /* Test.m in Sources */ = {isa = PBXBuildFile; fileRef = 5ABE348A13C86EFE009535AE /* Test.m */; };
		5ABE349013C8709B009535AE /* kunden.csv in Resources */ = {isa = PBXBuildFile; fileRef = 5ABE347213C86D6E009535AE /* kunden.csv */; };
		5ABE349113C870BD009535AE /* NSString+ParsingExtensions.m in Sources */ = {isa = PBXBuildFile; fileRef = 5ABE346513C8687E009535AE /* NSString+ParsingExtensions.m */; };
/* End PBXBuildFile section */

/* Begin PBXFileReference section */
		5A7BC7A913CADFB100DBBA5A /* pin.png */ = {isa = PBXFileReference; lastKnownFileType = image.png; path = pin.png; sourceTree = "<group>"; };
		5A7BC7AD13CB193300DBBA5A /* MyAnnotationView.h */ = {isa = PBXFileReference; fileEncoding = 4; path = MyAnnotationView.h; sourceTree = "<group>"; };
		5A7BC7AE13CB193300DBBA5A /* MyAnnotationView.m */ = {isa = PBXFileReference; fileEncoding = 4; lastKnownFileType = sourcecode.c.objc; path = MyAnnotationView.m; sourceTree = "<group>"; };
		5ABE343713C85C21009535AE /* Anjin.app */ = {isa = PBXFileReference; explicitFileType = wrapper.application; includeInIndex = 0; path = Anjin.app; sourceTree = BUILT_PRODUCTS_DIR; };
		5ABE343B13C85C21009535AE /* UIKit.framework */ = {isa = PBXFileReference; lastKnownFileType = wrapper.framework; name = UIKit.framework; path = System/Library/Frameworks/UIKit.framework; sourceTree = SDKROOT; };
		5ABE343D13C85C21009535AE /* Foundation.framework */ = {isa = PBXFileReference; lastKnownFileType = wrapper.framework; name = Foundation.framework; path = System/Library/Frameworks/Foundation.framework; sourceTree = SDKROOT; };
		5ABE343F13C85C21009535AE /* CoreGraphics.framework */ = {isa = PBXFileReference; lastKnownFileType = wrapper.framework; name = CoreGraphics.framework; path = System/Library/Frameworks/CoreGraphics.framework; sourceTree = SDKROOT; };
		5ABE344313C85C21009535AE /* Anjin-Info.plist */ = {isa = PBXFileReference; lastKnownFileType = text.plist.xml; path = "Anjin-Info.plist"; sourceTree = "<group>"; };
		5ABE344513C85C21009535AE /* en */ = {isa = PBXFileReference; lastKnownFileType = text.plist.strings; name = en; path = en.lproj/InfoPlist.strings; sourceTree = "<group>"; };
		5ABE344713C85C21009535AE /* main.m */ = {isa = PBXFileReference; lastKnownFileType = sourcecode.c.objc; path = main.m; sourceTree = "<group>"; };
		5ABE344913C85C21009535AE /* Anjin-Prefix.pch */ = {isa = PBXFileReference; lastKnownFileType = sourcecode.c.h; path = "Anjin-Prefix.pch"; sourceTree = "<group>"; };
		5ABE344A13C85C21009535AE /* AnjinAppDelegate.h */ = {isa = PBXFileReference; lastKnownFileType = sourcecode.c.h; path = AnjinAppDelegate.h; sourceTree = "<group>"; };
		5ABE344B13C85C21009535AE /* AnjinAppDelegate.m */ = {isa = PBXFileReference; lastKnownFileType = sourcecode.c.objc; path = AnjinAppDelegate.m; sourceTree = "<group>"; };
		5ABE344D13C85C21009535AE /* AnjinViewController.h */ = {isa = PBXFileReference; lastKnownFileType = sourcecode.c.h; path = AnjinViewController.h; sourceTree = "<group>"; };
		5ABE344F13C85C21009535AE /* AnjinViewController.m */ = {isa = PBXFileReference; lastKnownFileType = sourcecode.c.objc; path = AnjinViewController.m; sourceTree = "<group>"; };
		5ABE345213C85C21009535AE /* en */ = {isa = PBXFileReference; lastKnownFileType = file.xib; name = en; path = en.lproj/AnjinViewController.xib; sourceTree = "<group>"; };
		5ABE345D13C85EBA009535AE /* MapKit.framework */ = {isa = PBXFileReference; lastKnownFileType = wrapper.framework; name = MapKit.framework; path = System/Library/Frameworks/MapKit.framework; sourceTree = SDKROOT; };
		5ABE345F13C861B0009535AE /* CoreLocation.framework */ = {isa = PBXFileReference; lastKnownFileType = wrapper.framework; name = CoreLocation.framework; path = System/Library/Frameworks/CoreLocation.framework; sourceTree = SDKROOT; };
		5ABE346113C8628E009535AE /* Annotation.h */ = {isa = PBXFileReference; fileEncoding = 4; lastKnownFileType = sourcecode.c.h; path = Annotation.h; sourceTree = "<group>"; };
		5ABE346213C8628E009535AE /* Annotation.m */ = {isa = PBXFileReference; fileEncoding = 4; lastKnownFileType = sourcecode.c.objc; path = Annotation.m; sourceTree = "<group>"; };
		5ABE346413C8687E009535AE /* NSString+ParsingExtensions.h */ = {isa = PBXFileReference; fileEncoding = 4; lastKnownFileType = sourcecode.c.h; path = "NSString+ParsingExtensions.h"; sourceTree = "<group>"; };
		5ABE346513C8687E009535AE /* NSString+ParsingExtensions.m */ = {isa = PBXFileReference; fileEncoding = 4; lastKnownFileType = sourcecode.c.objc; path = "NSString+ParsingExtensions.m"; sourceTree = "<group>"; };
		5ABE347213C86D6E009535AE /* kunden.csv */ = {isa = PBXFileReference; fileEncoding = 4; lastKnownFileType = text; path = kunden.csv; sourceTree = "<group>"; };
		5ABE347C13C86EFE009535AE /* Test.octest */ = {isa = PBXFileReference; explicitFileType = wrapper.cfbundle; includeInIndex = 0; path = Test.octest; sourceTree = BUILT_PRODUCTS_DIR; };
		5ABE347D13C86EFE009535AE /* SenTestingKit.framework */ = {isa = PBXFileReference; lastKnownFileType = wrapper.framework; name = SenTestingKit.framework; path = Library/Frameworks/SenTestingKit.framework; sourceTree = DEVELOPER_DIR; };
		5ABE348413C86EFE009535AE /* Test-Info.plist */ = {isa = PBXFileReference; lastKnownFileType = text.plist.xml; path = "Test-Info.plist"; sourceTree = "<group>"; };
		5ABE348613C86EFE009535AE /* en */ = {isa = PBXFileReference; lastKnownFileType = text.plist.strings; name = en; path = en.lproj/InfoPlist.strings; sourceTree = "<group>"; };
		5ABE348813C86EFE009535AE /* Test.h */ = {isa = PBXFileReference; lastKnownFileType = sourcecode.c.h; path = Test.h; sourceTree = "<group>"; };
		5ABE348A13C86EFE009535AE /* Test.m */ = {isa = PBXFileReference; lastKnownFileType = sourcecode.c.objc; path = Test.m; sourceTree = "<group>"; };
		5ABE348C13C86EFE009535AE /* Test-Prefix.pch */ = {isa = PBXFileReference; lastKnownFileType = sourcecode.c.h; path = "Test-Prefix.pch"; sourceTree = "<group>"; };
/* End PBXFileReference section */

/* Begin PBXFrameworksBuildPhase section */
		5ABE343413C85C21009535AE /* Frameworks */ = {
			isa = PBXFrameworksBuildPhase;
			buildActionMask = 2147483647;
			files = (
				5ABE346013C861B0009535AE /* CoreLocation.framework in Frameworks */,
				5ABE345E13C85EBA009535AE /* MapKit.framework in Frameworks */,
				5ABE343C13C85C21009535AE /* UIKit.framework in Frameworks */,
				5ABE343E13C85C21009535AE /* Foundation.framework in Frameworks */,
				5ABE344013C85C21009535AE /* CoreGraphics.framework in Frameworks */,
			);
			runOnlyForDeploymentPostprocessing = 0;
		};
		5ABE347813C86EFE009535AE /* Frameworks */ = {
			isa = PBXFrameworksBuildPhase;
			buildActionMask = 2147483647;
			files = (
				5ABE347E13C86EFE009535AE /* SenTestingKit.framework in Frameworks */,
				5ABE347F13C86EFE009535AE /* UIKit.framework in Frameworks */,
				5ABE348013C86EFE009535AE /* Foundation.framework in Frameworks */,
				5ABE348113C86EFE009535AE /* CoreGraphics.framework in Frameworks */,
			);
			runOnlyForDeploymentPostprocessing = 0;
		};
/* End PBXFrameworksBuildPhase section */

/* Begin PBXGroup section */
		5ABE342C13C85C20009535AE = {
			isa = PBXGroup;
			children = (
				5ABE345F13C861B0009535AE /* CoreLocation.framework */,
				5ABE345D13C85EBA009535AE /* MapKit.framework */,
				5ABE344113C85C21009535AE /* Anjin */,
				5ABE348213C86EFE009535AE /* Test */,
				5ABE343A13C85C21009535AE /* Frameworks */,
				5ABE343813C85C21009535AE /* Products */,
			);
			sourceTree = "<group>";
		};
		5ABE343813C85C21009535AE /* Products */ = {
			isa = PBXGroup;
			children = (
				5ABE343713C85C21009535AE /* Anjin.app */,
				5ABE347C13C86EFE009535AE /* Test.octest */,
			);
			name = Products;
			sourceTree = "<group>";
		};
		5ABE343A13C85C21009535AE /* Frameworks */ = {
			isa = PBXGroup;
			children = (
				5ABE343B13C85C21009535AE /* UIKit.framework */,
				5ABE343D13C85C21009535AE /* Foundation.framework */,
				5ABE343F13C85C21009535AE /* CoreGraphics.framework */,
				5ABE347D13C86EFE009535AE /* SenTestingKit.framework */,
			);
			name = Frameworks;
			sourceTree = "<group>";
		};
		5ABE344113C85C21009535AE /* Anjin */ = {
			isa = PBXGroup;
			children = (
				5A7BC7A913CADFB100DBBA5A /* pin.png */,
				5ABE347213C86D6E009535AE /* kunden.csv */,
				5ABE344A13C85C21009535AE /* AnjinAppDelegate.h */,
				5ABE344B13C85C21009535AE /* AnjinAppDelegate.m */,
				5ABE344D13C85C21009535AE /* AnjinViewController.h */,
				5ABE344F13C85C21009535AE /* AnjinViewController.m */,
				5ABE345113C85C21009535AE /* AnjinViewController.xib */,
				5ABE346113C8628E009535AE /* Annotation.h */,
				5ABE346213C8628E009535AE /* Annotation.m */,
				5A7BC7AD13CB193300DBBA5A /* MyAnnotationView.h */,
				5A7BC7AE13CB193300DBBA5A /* MyAnnotationView.m */,
				5ABE344213C85C21009535AE /* Supporting Files */,
				5ABE346413C8687E009535AE /* NSString+ParsingExtensions.h */,
				5ABE346513C8687E009535AE /* NSString+ParsingExtensions.m */,
			);
			path = Anjin;
			sourceTree = "<group>";
		};
		5ABE344213C85C21009535AE /* Supporting Files */ = {
			isa = PBXGroup;
			children = (
				5ABE344313C85C21009535AE /* Anjin-Info.plist */,
				5ABE344413C85C21009535AE /* InfoPlist.strings */,
				5ABE344713C85C21009535AE /* main.m */,
				5ABE344913C85C21009535AE /* Anjin-Prefix.pch */,
			);
			name = "Supporting Files";
			sourceTree = "<group>";
		};
		5ABE348213C86EFE009535AE /* Test */ = {
			isa = PBXGroup;
			children = (
				5ABE348813C86EFE009535AE /* Test.h */,
				5ABE348A13C86EFE009535AE /* Test.m */,
				5ABE348313C86EFE009535AE /* Supporting Files */,
			);
			path = Test;
			sourceTree = "<group>";
		};
		5ABE348313C86EFE009535AE /* Supporting Files */ = {
			isa = PBXGroup;
			children = (
				5ABE348413C86EFE009535AE /* Test-Info.plist */,
				5ABE348513C86EFE009535AE /* InfoPlist.strings */,
				5ABE348C13C86EFE009535AE /* Test-Prefix.pch */,
			);
			name = "Supporting Files";
			sourceTree = "<group>";
		};
/* End PBXGroup section */

/* Begin PBXNativeTarget section */
		5ABE343613C85C21009535AE /* Anjin */ = {
			isa = PBXNativeTarget;
			buildConfigurationList = 5ABE345613C85C21009535AE /* Build configuration list for PBXNativeTarget "Anjin" */;
			buildPhases = (
				5ABE343313C85C21009535AE /* Sources */,
				5ABE343413C85C21009535AE /* Frameworks */,
				5ABE343513C85C21009535AE /* Resources */,
			);
			buildRules = (
			);
			dependencies = (
			);
			name = Anjin;
			productName = Anjin;
			productReference = 5ABE343713C85C21009535AE /* Anjin.app */;
			productType = "com.apple.product-type.application";
		};
		5ABE347B13C86EFE009535AE /* Test */ = {
			isa = PBXNativeTarget;
			buildConfigurationList = 5ABE348D13C86EFE009535AE /* Build configuration list for PBXNativeTarget "Test" */;
			buildPhases = (
				5ABE347713C86EFE009535AE /* Sources */,
				5ABE347813C86EFE009535AE /* Frameworks */,
				5ABE347913C86EFE009535AE /* Resources */,
				5ABE347A13C86EFE009535AE /* ShellScript */,
			);
			buildRules = (
			);
			dependencies = (
			);
			name = Test;
			productName = Test;
			productReference = 5ABE347C13C86EFE009535AE /* Test.octest */;
			productType = "com.apple.product-type.bundle";
		};
/* End PBXNativeTarget section */

/* Begin PBXProject section */
		5ABE342E13C85C20009535AE /* Project object */ = {
			isa = PBXProject;
			attributes = {
				ORGANIZATIONNAME = "abstracture GmbH & Co. KG";
			};
			buildConfigurationList = 5ABE343113C85C20009535AE /* Build configuration list for PBXProject "Anjin" */;
			compatibilityVersion = "Xcode 3.2";
			developmentRegion = English;
			hasScannedForEncodings = 0;
			knownRegions = (
				en,
			);
			mainGroup = 5ABE342C13C85C20009535AE;
			productRefGroup = 5ABE343813C85C21009535AE /* Products */;
			projectDirPath = "";
			projectRoot = "";
			targets = (
				5ABE343613C85C21009535AE /* Anjin */,
				5ABE347B13C86EFE009535AE /* Test */,
			);
		};
/* End PBXProject section */

/* Begin PBXResourcesBuildPhase section */
		5ABE343513C85C21009535AE /* Resources */ = {
			isa = PBXResourcesBuildPhase;
			buildActionMask = 2147483647;
			files = (
				5ABE344613C85C21009535AE /* InfoPlist.strings in Resources */,
				5ABE344E13C85C21009535AE /* AnjinViewController.h in Resources */,
				5ABE345313C85C21009535AE /* AnjinViewController.xib in Resources */,
				5ABE347313C86D6E009535AE /* kunden.csv in Resources */,
				5A7BC7AB13CADFB100DBBA5A /* pin.png in Resources */,
			);
			runOnlyForDeploymentPostprocessing = 0;
		};
		5ABE347913C86EFE009535AE /* Resources */ = {
			isa = PBXResourcesBuildPhase;
			buildActionMask = 2147483647;
			files = (
				5ABE348713C86EFE009535AE /* InfoPlist.strings in Resources */,
				5ABE348913C86EFE009535AE /* Test.h in Resources */,
				5ABE349013C8709B009535AE /* kunden.csv in Resources */,
			);
			runOnlyForDeploymentPostprocessing = 0;
		};
/* End PBXResourcesBuildPhase section */

/* Begin PBXShellScriptBuildPhase section */
		5ABE347A13C86EFE009535AE /* ShellScript */ = {
			isa = PBXShellScriptBuildPhase;
			buildActionMask = 2147483647;
			files = (
			);
			inputPaths = (
			);
			outputPaths = (
			);
			runOnlyForDeploymentPostprocessing = 0;
			shellPath = /bin/sh;
			shellScript = "# Run the unit tests in this test bundle.\n\"${SYSTEM_DEVELOPER_DIR}/Tools/RunUnitTests\"\n";
		};
/* End PBXShellScriptBuildPhase section */

/* Begin PBXSourcesBuildPhase section */
		5ABE343313C85C21009535AE /* Sources */ = {
			isa = PBXSourcesBuildPhase;
			buildActionMask = 2147483647;
			files = (
				5ABE344813C85C21009535AE /* main.m in Sources */,
				5ABE344C13C85C21009535AE /* AnjinAppDelegate.m in Sources */,
				5ABE345013C85C21009535AE /* AnjinViewController.m in Sources */,
				5ABE346313C8628E009535AE /* Annotation.m in Sources */,
				5ABE346613C8687E009535AE /* NSString+ParsingExtensions.m in Sources */,
				5A7BC7AF13CB193300DBBA5A /* MyAnnotationView.m in Sources */,
			);
			runOnlyForDeploymentPostprocessing = 0;
		};
		5ABE347713C86EFE009535AE /* Sources */ = {
			isa = PBXSourcesBuildPhase;
			buildActionMask = 2147483647;
			files = (
				5ABE348B13C86EFE009535AE /* Test.m in Sources */,
				5ABE349113C870BD009535AE /* NSString+ParsingExtensions.m in Sources */,
			);
			runOnlyForDeploymentPostprocessing = 0;
		};
/* End PBXSourcesBuildPhase section */

/* Begin PBXVariantGroup section */
		5ABE344413C85C21009535AE /* InfoPlist.strings */ = {
			isa = PBXVariantGroup;
			children = (
				5ABE344513C85C21009535AE /* en */,
			);
			name = InfoPlist.strings;
			sourceTree = "<group>";
		};
		5ABE345113C85C21009535AE /* AnjinViewController.xib */ = {
			isa = PBXVariantGroup;
			children = (
				5ABE345213C85C21009535AE /* en */,
			);
			name = AnjinViewController.xib;
			sourceTree = "<group>";
		};
		5ABE348513C86EFE009535AE /* InfoPlist.strings */ = {
			isa = PBXVariantGroup;
			children = (
				5ABE348613C86EFE009535AE /* en */,
			);
			name = InfoPlist.strings;
			sourceTree = "<group>";
		};
/* End PBXVariantGroup section */

/* Begin XCBuildConfiguration section */
		5ABE345413C85C21009535AE /* Debug */ = {
			isa = XCBuildConfiguration;
			buildSettings = {
				ALWAYS_SEARCH_USER_PATHS = NO;
				ARCHS = "$(ARCHS_STANDARD_32_BIT)";
				CLANG_ENABLE_OBJC_ARC = YES;
				"CODE_SIGN_IDENTITY[sdk=iphoneos*]" = "iPhone Developer";
				COPY_PHASE_STRIP = NO;
				GCC_C_LANGUAGE_STANDARD = gnu99;
				GCC_DYNAMIC_NO_PIC = NO;
				GCC_OPTIMIZATION_LEVEL = 0;
				GCC_PREPROCESSOR_DEFINITIONS = (
					"DEBUG=1",
					"$(inherited)",
				);
				GCC_SYMBOLS_PRIVATE_EXTERN = NO;
				GCC_VERSION = com.apple.compilers.llvm.clang.1_0;
				GCC_WARN_ABOUT_MISSING_PROTOTYPES = YES;
				GCC_WARN_ABOUT_RETURN_TYPE = YES;
				GCC_WARN_UNUSED_VARIABLE = YES;
				IPHONEOS_DEPLOYMENT_TARGET = 5.0;
				SDKROOT = iphoneos;
				TARGETED_DEVICE_FAMILY = 2;
			};
			name = Debug;
		};
		5ABE345513C85C21009535AE /* Release */ = {
			isa = XCBuildConfiguration;
			buildSettings = {
				ALWAYS_SEARCH_USER_PATHS = NO;
				ARCHS = "$(ARCHS_STANDARD_32_BIT)";
				CLANG_ENABLE_OBJC_ARC = YES;
				"CODE_SIGN_IDENTITY[sdk=iphoneos*]" = "iPhone Developer";
				COPY_PHASE_STRIP = YES;
				GCC_C_LANGUAGE_STANDARD = gnu99;
				GCC_VERSION = com.apple.compilers.llvm.clang.1_0;
				GCC_WARN_ABOUT_MISSING_PROTOTYPES = YES;
				GCC_WARN_ABOUT_RETURN_TYPE = YES;
				GCC_WARN_UNUSED_VARIABLE = YES;
				IPHONEOS_DEPLOYMENT_TARGET = 5.0;
				OTHER_CFLAGS = "-DNS_BLOCK_ASSERTIONS=1";
				SDKROOT = iphoneos;
				TARGETED_DEVICE_FAMILY = 2;
				VALIDATE_PRODUCT = YES;
			};
			name = Release;
		};
		5ABE345713C85C21009535AE /* Debug */ = {
			isa = XCBuildConfiguration;
			buildSettings = {
				GCC_PRECOMPILE_PREFIX_HEADER = YES;
				GCC_PREFIX_HEADER = "Anjin/Anjin-Prefix.pch";
				INFOPLIST_FILE = "Anjin/Anjin-Info.plist";
				PRODUCT_NAME = "$(TARGET_NAME)";
				WRAPPER_EXTENSION = app;
			};
			name = Debug;
		};
		5ABE345813C85C21009535AE /* Release */ = {
			isa = XCBuildConfiguration;
			buildSettings = {
				GCC_PRECOMPILE_PREFIX_HEADER = YES;
				GCC_PREFIX_HEADER = "Anjin/Anjin-Prefix.pch";
				INFOPLIST_FILE = "Anjin/Anjin-Info.plist";
				PRODUCT_NAME = "$(TARGET_NAME)";
				WRAPPER_EXTENSION = app;
			};
			name = Release;
		};
		5ABE348E13C86EFE009535AE /* Debug */ = {
			isa = XCBuildConfiguration;
			buildSettings = {
				FRAMEWORK_SEARCH_PATHS = (
					"$(SDKROOT)/Developer/Library/Frameworks",
					"$(DEVELOPER_LIBRARY_DIR)/Frameworks",
				);
				GCC_PRECOMPILE_PREFIX_HEADER = YES;
				GCC_PREFIX_HEADER = "Test/Test-Prefix.pch";
				INFOPLIST_FILE = "Test/Test-Info.plist";
				PRODUCT_NAME = "$(TARGET_NAME)";
				WRAPPER_EXTENSION = octest;
			};
			name = Debug;
		};
		5ABE348F13C86EFE009535AE /* Release */ = {
			isa = XCBuildConfiguration;
			buildSettings = {
				FRAMEWORK_SEARCH_PATHS = (
					"$(SDKROOT)/Developer/Library/Frameworks",
					"$(DEVELOPER_LIBRARY_DIR)/Frameworks",
				);
				GCC_PRECOMPILE_PREFIX_HEADER = YES;
				GCC_PREFIX_HEADER = "Test/Test-Prefix.pch";
				INFOPLIST_FILE = "Test/Test-Info.plist";
				PRODUCT_NAME = "$(TARGET_NAME)";
				WRAPPER_EXTENSION = octest;
			};
			name = Release;
		};
/* End XCBuildConfiguration section */

/* Begin XCConfigurationList section */
		5ABE343113C85C20009535AE /* Build configuration list for PBXProject "Anjin" */ = {
			isa = XCConfigurationList;
			buildConfigurations = (
				5ABE345413C85C21009535AE /* Debug */,
				5ABE345513C85C21009535AE /* Release */,
			);
			defaultConfigurationIsVisible = 0;
			defaultConfigurationName = Release;
		};
		5ABE345613C85C21009535AE /* Build configuration list for PBXNativeTarget "Anjin" */ = {
			isa = XCConfigurationList;
			buildConfigurations = (
				5ABE345713C85C21009535AE /* Debug */,
				5ABE345813C85C21009535AE /* Release */,
			);
			defaultConfigurationIsVisible = 0;
			defaultConfigurationName = Release;
		};
		5ABE348D13C86EFE009535AE /* Build configuration list for PBXNativeTarget "Test" */ = {
			isa = XCConfigurationList;
			buildConfigurations = (
				5ABE348E13C86EFE009535AE /* Debug */,
				5ABE348F13C86EFE009535AE /* Release */,
			);
			defaultConfigurationIsVisible = 0;
			defaultConfigurationName = Release;
		};
/* End XCConfigurationList section */
	};
	rootObject = 5ABE342E13C85C20009535AE /* Project object */;
}
